
Microsoft Visual Studio Solution File, Format Version 12.00
# Visual Studio Version 17
VisualStudioVersion = 17.14.36203.30 d17.14
MinimumVisualStudioVersion = 10.0.40219.1
Project("{FAE04EC0-301F-11D3-BF4B-00C04F79EFBC}") = "ZenGardenGenerator", "ZenGardenGenerator.csproj", "{DFB6AD2E-9F88-4724-8849-F7C5674E159A}"
EndProject
Global
	GlobalSection(SolutionConfigurationPlatforms) = preSolution
		Debug|Any CPU = Debug|Any CPU
		Release|Any CPU = Release|Any CPU
	EndGlobalSection
	GlobalSection(ProjectConfigurationPlatforms) = postSolution
		{DFB6AD2E-9F88-4724-8849-F7C5674E159A}.Debug|Any CPU.ActiveCfg = Debug|Any CPU
		{DFB6AD2E-9F88-4724-8849-F7C5674E159A}.Debug|Any CPU.Build.0 = Debug|Any CPU
		{DFB6AD2E-9F88-4724-8849-F7C5674E159A}.Release|Any CPU.ActiveCfg = Release|Any CPU
		{DFB6AD2E-9F88-4724-8849-F7C5674E159A}.Release|Any CPU.Build.0 = Release|Any CPU
	EndGlobalSection
	GlobalSection(SolutionProperties) = preSolution
		HideSolutionNode = FALSE
	EndGlobalSection
	GlobalSection(ExtensibilityGlobals) = postSolution
		SolutionGuid = {B4938BDC-EC10-4CB5-93B0-8641A9E94081}
	EndGlobalSection
EndGlobal
